
Microsoft Visual Studio Solution File, Format Version 12.00
# Visual Studio Version 17
VisualStudioVersion = 17.10.34928.147
MinimumVisualStudioVersion = 10.0.40219.1
Project("{FAE04EC0-301F-11D3-BF4B-00C04F79EFBC}") = "TheRockShoppApp", "TheRockShoppApp\TheRockShoppApp.csproj", "{AE904654-BEBA-41D3-8A62-7050B6D11CFC}"
EndProject
Project("{FAE04EC0-301F-11D3-BF4B-00C04F79EFBC}") = "TheRockShoppApp.Infrastructure", "TheRockShoppApp.Infrastructure\TheRockShoppApp.Infrastructure.csproj", "{AEA3C0B3-BC89-43A7-A6B9-D2B79FB7F2BC}"
EndProject
Global
	GlobalSection(SolutionConfigurationPlatforms) = preSolution
		Debug|Any CPU = Debug|Any CPU
		Release|Any CPU = Release|Any CPU
	EndGlobalSection
	GlobalSection(ProjectConfigurationPlatforms) = postSolution
		{AE904654-BEBA-41D3-8A62-7050B6D11CFC}.Debug|Any CPU.ActiveCfg = Debug|Any CPU
		{AE904654-BEBA-41D3-8A62-7050B6D11CFC}.Debug|Any CPU.Build.0 = Debug|Any CPU
		{AE904654-BEBA-41D3-8A62-7050B6D11CFC}.Release|Any CPU.ActiveCfg = Release|Any CPU
		{AE904654-BEBA-41D3-8A62-7050B6D11CFC}.Release|Any CPU.Build.0 = Release|Any CPU
		{AEA3C0B3-BC89-43A7-A6B9-D2B79FB7F2BC}.Debug|Any CPU.ActiveCfg = Debug|Any CPU
		{AEA3C0B3-BC89-43A7-A6B9-D2B79FB7F2BC}.Debug|Any CPU.Build.0 = Debug|Any CPU
		{AEA3C0B3-BC89-43A7-A6B9-D2B79FB7F2BC}.Release|Any CPU.ActiveCfg = Release|Any CPU
		{AEA3C0B3-BC89-43A7-A6B9-D2B79FB7F2BC}.Release|Any CPU.Build.0 = Release|Any CPU
	EndGlobalSection
	GlobalSection(SolutionProperties) = preSolution
		HideSolutionNode = FALSE
	EndGlobalSection
	GlobalSection(ExtensibilityGlobals) = postSolution
		SolutionGuid = {EF908A25-156C-4161-A876-016529E037AA}
	EndGlobalSection
EndGlobal
